<Solution>
  <Folder Name="/src/">
    <Project Path="src/PrinciPal.Common/PrinciPal.Common.csproj" />
    <Project Path="src/PrinciPal.Domain/PrinciPal.Domain.csproj" />
    <Project Path="src/PrinciPal.Application/PrinciPal.Application.csproj" />
    <Project Path="src/PrinciPal.Infrastructure/PrinciPal.Infrastructure.csproj" />
    <Project Path="src/PrinciPal.Server/PrinciPal.Server.csproj" />
    <Project Path="src/PrinciPal.VsExtension/PrinciPal.VsExtension.csproj" />
  </Folder>
  <Folder Name="/tests/unit/">
    <Project Path="tests/unit/PrinciPal.Domain.Tests/PrinciPal.Domain.Tests.csproj" />
    <Project Path="tests/unit/PrinciPal.Application.Tests/PrinciPal.Application.Tests.csproj" />
    <Project Path="tests/unit/PrinciPal.Infrastructure.Tests/PrinciPal.Infrastructure.Tests.csproj" />
    <Project Path="tests/unit/PrinciPal.Server.Tests/PrinciPal.Server.Tests.csproj" />
  </Folder>
  <Folder Name="/tests/integration/">
    <Project Path="tests/integration/PrinciPal.Integration.Tests/PrinciPal.Integration.Tests.csproj" />
  </Folder>
  <Folder Name="/.claude/">
    <File Path="CLAUDE.md" />
    <File Path=".claude/skills/start-mcp/SKILL.md" />
    <File Path=".claude/skills/stop-mcp/SKILL.md" />
    <File Path=".claude/skills/build-vsix/SKILL.md" />
    <File Path=".claude/skills/debug-status/SKILL.md" />
  </Folder>
</Solution>
